
Microsoft Visual Studio Solution File, Format Version 12.00
# Visual Studio Version 16
VisualStudioVersion = 16.0.30330.147
MinimumVisualStudioVersion = 10.0.40219.1
Project("{FAE04EC0-301F-11D3-BF4B-00C04F79EFBC}") = "InvoiceConsoleModel", "InvoiceConsoleModel\InvoiceConsoleModel.csproj", "{1645F4F3-0311-4174-B14D-3D171AC5E4CF}"
EndProject
Global
	GlobalSection(SolutionConfigurationPlatforms) = preSolution
		Debug|Any CPU = Debug|Any CPU
		Release|Any CPU = Release|Any CPU
	EndGlobalSection
	GlobalSection(ProjectConfigurationPlatforms) = postSolution
		{1645F4F3-0311-4174-B14D-3D171AC5E4CF}.Debug|Any CPU.ActiveCfg = Debug|Any CPU
		{1645F4F3-0311-4174-B14D-3D171AC5E4CF}.Debug|Any CPU.Build.0 = Debug|Any CPU
		{1645F4F3-0311-4174-B14D-3D171AC5E4CF}.Release|Any CPU.ActiveCfg = Release|Any CPU
		{1645F4F3-0311-4174-B14D-3D171AC5E4CF}.Release|Any CPU.Build.0 = Release|Any CPU
	EndGlobalSection
	GlobalSection(SolutionProperties) = preSolution
		HideSolutionNode = FALSE
	EndGlobalSection
	GlobalSection(ExtensibilityGlobals) = postSolution
		SolutionGuid = {A31B974B-6E74-4376-84E6-93F87E05BF01}
	EndGlobalSection
EndGlobal
